
Microsoft Visual Studio Solution File, Format Version 12.00
# Visual Studio Version 16
VisualStudioVersion = 16.0.30907.101
MinimumVisualStudioVersion = 10.0.40219.1
Project("{FAE04EC0-301F-11D3-BF4B-00C04F79EFBC}") = "5.Snake moves", "Exercise Multidimensional Arrays\5.Snake moves.csproj", "{BB328DBD-7A4E-47A7-A1A0-C299381E4373}"
EndProject
Project("{FAE04EC0-301F-11D3-BF4B-00C04F79EFBC}") = "6. Jagged Array Manipulator", "6. Jagged Array Manipulator\6. Jagged Array Manipulator.csproj", "{9B6E78F8-3EF4-4C4E-B666-6A9508522C22}"
EndProject
Project("{FAE04EC0-301F-11D3-BF4B-00C04F79EFBC}") = "1. Diagonal Difference", "1. Diagonal Difference\1. Diagonal Difference.csproj", "{A1E6E26A-7486-49F6-9232-D175FF7077B1}"
EndProject
Project("{FAE04EC0-301F-11D3-BF4B-00C04F79EFBC}") = "2. Squares in Matrix", "2. Squares in Matrix\2. Squares in Matrix.csproj", "{6437E9D2-5B58-43AD-BD85-F024AF0136AF}"
EndProject
Project("{FAE04EC0-301F-11D3-BF4B-00C04F79EFBC}") = "3. Maximal Sum", "3. Maximal Sum\3. Maximal Sum.csproj", "{3339092B-1B5C-4E65-9B85-E384C9EA7B99}"
EndProject
Project("{FAE04EC0-301F-11D3-BF4B-00C04F79EFBC}") = "4. Matrix Shuffling", "4. Matrix Shuffling\4. Matrix Shuffling.csproj", "{36C6C3AB-E6D5-46B9-A1C7-082F34702837}"
EndProject
Project("{FAE04EC0-301F-11D3-BF4B-00C04F79EFBC}") = "7. Knight Game", "7. Knight Game\7. Knight Game.csproj", "{21A0805D-0C28-43F5-BD17-E6B4A9381EB9}"
EndProject
Global
	GlobalSection(SolutionConfigurationPlatforms) = preSolution
		Debug|Any CPU = Debug|Any CPU
		Release|Any CPU = Release|Any CPU
	EndGlobalSection
	GlobalSection(ProjectConfigurationPlatforms) = postSolution
		{BB328DBD-7A4E-47A7-A1A0-C299381E4373}.Debug|Any CPU.ActiveCfg = Debug|Any CPU
		{BB328DBD-7A4E-47A7-A1A0-C299381E4373}.Debug|Any CPU.Build.0 = Debug|Any CPU
		{BB328DBD-7A4E-47A7-A1A0-C299381E4373}.Release|Any CPU.ActiveCfg = Release|Any CPU
		{BB328DBD-7A4E-47A7-A1A0-C299381E4373}.Release|Any CPU.Build.0 = Release|Any CPU
		{9B6E78F8-3EF4-4C4E-B666-6A9508522C22}.Debug|Any CPU.ActiveCfg = Debug|Any CPU
		{9B6E78F8-3EF4-4C4E-B666-6A9508522C22}.Debug|Any CPU.Build.0 = Debug|Any CPU
		{9B6E78F8-3EF4-4C4E-B666-6A9508522C22}.Release|Any CPU.ActiveCfg = Release|Any CPU
		{9B6E78F8-3EF4-4C4E-B666-6A9508522C22}.Release|Any CPU.Build.0 = Release|Any CPU
		{A1E6E26A-7486-49F6-9232-D175FF7077B1}.Debug|Any CPU.ActiveCfg = Debug|Any CPU
		{A1E6E26A-7486-49F6-9232-D175FF7077B1}.Debug|Any CPU.Build.0 = Debug|Any CPU
		{A1E6E26A-7486-49F6-9232-D175FF7077B1}.Release|Any CPU.ActiveCfg = Release|Any CPU
		{A1E6E26A-7486-49F6-9232-D175FF7077B1}.Release|Any CPU.Build.0 = Release|Any CPU
		{6437E9D2-5B58-43AD-BD85-F024AF0136AF}.Debug|Any CPU.ActiveCfg = Debug|Any CPU
		{6437E9D2-5B58-43AD-BD85-F024AF0136AF}.Debug|Any CPU.Build.0 = Debug|Any CPU
		{6437E9D2-5B58-43AD-BD85-F024AF0136AF}.Release|Any CPU.ActiveCfg = Release|Any CPU
		{6437E9D2-5B58-43AD-BD85-F024AF0136AF}.Release|Any CPU.Build.0 = Release|Any CPU
		{3339092B-1B5C-4E65-9B85-E384C9EA7B99}.Debug|Any CPU.ActiveCfg = Debug|Any CPU
		{3339092B-1B5C-4E65-9B85-E384C9EA7B99}.Debug|Any CPU.Build.0 = Debug|Any CPU
		{3339092B-1B5C-4E65-9B85-E384C9EA7B99}.Release|Any CPU.ActiveCfg = Release|Any CPU
		{3339092B-1B5C-4E65-9B85-E384C9EA7B99}.Release|Any CPU.Build.0 = Release|Any CPU
		{36C6C3AB-E6D5-46B9-A1C7-082F34702837}.Debug|Any CPU.ActiveCfg = Debug|Any CPU
		{36C6C3AB-E6D5-46B9-A1C7-082F34702837}.Debug|Any CPU.Build.0 = Debug|Any CPU
		{36C6C3AB-E6D5-46B9-A1C7-082F34702837}.Release|Any CPU.ActiveCfg = Release|Any CPU
		{36C6C3AB-E6D5-46B9-A1C7-082F34702837}.Release|Any CPU.Build.0 = Release|Any CPU
		{21A0805D-0C28-43F5-BD17-E6B4A9381EB9}.Debug|Any CPU.ActiveCfg = Debug|Any CPU
		{21A0805D-0C28-43F5-BD17-E6B4A9381EB9}.Debug|Any CPU.Build.0 = Debug|Any CPU
		{21A0805D-0C28-43F5-BD17-E6B4A9381EB9}.Release|Any CPU.ActiveCfg = Release|Any CPU
		{21A0805D-0C28-43F5-BD17-E6B4A9381EB9}.Release|Any CPU.Build.0 = Release|Any CPU
	EndGlobalSection
	GlobalSection(SolutionProperties) = preSolution
		HideSolutionNode = FALSE
	EndGlobalSection
	GlobalSection(ExtensibilityGlobals) = postSolution
		SolutionGuid = {C8BB09CF-05E1-4717-8B7A-67D0EFA572BB}
	EndGlobalSection
EndGlobal
