
Microsoft Visual Studio Solution File, Format Version 12.00
# Visual Studio Version 16
VisualStudioVersion = 16.0.30907.101
MinimumVisualStudioVersion = 10.0.40219.1
Project("{FAE04EC0-301F-11D3-BF4B-00C04F79EFBC}") = "1. Sort Even Numbers", "1. Sort Even Numbers\1. Sort Even Numbers.csproj", "{F9C29179-EC19-4C70-8CF2-2FD2C268D56D}"
EndProject
Project("{FAE04EC0-301F-11D3-BF4B-00C04F79EFBC}") = "2. Sum Numbers", "2. Sum Numbers\2. Sum Numbers.csproj", "{1B2C5F49-CCFF-4F40-98BD-84D34CF42FC2}"
EndProject
Global
	GlobalSection(SolutionConfigurationPlatforms) = preSolution
		Debug|Any CPU = Debug|Any CPU
		Release|Any CPU = Release|Any CPU
	EndGlobalSection
	GlobalSection(ProjectConfigurationPlatforms) = postSolution
		{F9C29179-EC19-4C70-8CF2-2FD2C268D56D}.Debug|Any CPU.ActiveCfg = Debug|Any CPU
		{F9C29179-EC19-4C70-8CF2-2FD2C268D56D}.Debug|Any CPU.Build.0 = Debug|Any CPU
		{F9C29179-EC19-4C70-8CF2-2FD2C268D56D}.Release|Any CPU.ActiveCfg = Release|Any CPU
		{F9C29179-EC19-4C70-8CF2-2FD2C268D56D}.Release|Any CPU.Build.0 = Release|Any CPU
		{1B2C5F49-CCFF-4F40-98BD-84D34CF42FC2}.Debug|Any CPU.ActiveCfg = Debug|Any CPU
		{1B2C5F49-CCFF-4F40-98BD-84D34CF42FC2}.Debug|Any CPU.Build.0 = Debug|Any CPU
		{1B2C5F49-CCFF-4F40-98BD-84D34CF42FC2}.Release|Any CPU.ActiveCfg = Release|Any CPU
		{1B2C5F49-CCFF-4F40-98BD-84D34CF42FC2}.Release|Any CPU.Build.0 = Release|Any CPU
	EndGlobalSection
	GlobalSection(SolutionProperties) = preSolution
		HideSolutionNode = FALSE
	EndGlobalSection
	GlobalSection(ExtensibilityGlobals) = postSolution
		SolutionGuid = {DB000EE7-974E-426A-9D9C-E6571B1EA876}
	EndGlobalSection
EndGlobal
