
Microsoft Visual Studio Solution File, Format Version 12.00
# Visual Studio Version 16
VisualStudioVersion = 16.0.30907.101
MinimumVisualStudioVersion = 10.0.40219.1
Project("{FAE04EC0-301F-11D3-BF4B-00C04F79EFBC}") = "ConsoleApp18", "ConsoleApp18\ConsoleApp18.csproj", "{F19585D9-29DB-45E7-BC6C-5F7CB78EFBB6}"
EndProject
Global
	GlobalSection(SolutionConfigurationPlatforms) = preSolution
		Debug|Any CPU = Debug|Any CPU
		Release|Any CPU = Release|Any CPU
	EndGlobalSection
	GlobalSection(ProjectConfigurationPlatforms) = postSolution
		{F19585D9-29DB-45E7-BC6C-5F7CB78EFBB6}.Debug|Any CPU.ActiveCfg = Debug|Any CPU
		{F19585D9-29DB-45E7-BC6C-5F7CB78EFBB6}.Debug|Any CPU.Build.0 = Debug|Any CPU
		{F19585D9-29DB-45E7-BC6C-5F7CB78EFBB6}.Release|Any CPU.ActiveCfg = Release|Any CPU
		{F19585D9-29DB-45E7-BC6C-5F7CB78EFBB6}.Release|Any CPU.Build.0 = Release|Any CPU
	EndGlobalSection
	GlobalSection(SolutionProperties) = preSolution
		HideSolutionNode = FALSE
	EndGlobalSection
	GlobalSection(ExtensibilityGlobals) = postSolution
		SolutionGuid = {3975BDE6-D536-4324-B7C7-A9BA1F2E8216}
	EndGlobalSection
EndGlobal
