
Microsoft Visual Studio Solution File, Format Version 12.00
# Visual Studio Version 16
VisualStudioVersion = 16.0.30907.101
MinimumVisualStudioVersion = 10.0.40219.1
Project("{FAE04EC0-301F-11D3-BF4B-00C04F79EFBC}") = "01. Count Same Values in Array", "03.SetsAndDictionariesAdvanced\01. Count Same Values in Array.csproj", "{ED38F89E-4031-4F1F-9699-F16E9EC79538}"
EndProject
Project("{FAE04EC0-301F-11D3-BF4B-00C04F79EFBC}") = "02. Average Student Grades", "02\02. Average Student Grades.csproj", "{A10ABDCD-09AE-47A6-B530-CDC4806CAA55}"
EndProject
Project("{FAE04EC0-301F-11D3-BF4B-00C04F79EFBC}") = "03. Largest 3 Numbers", "03. Largest 3 Numbers\03. Largest 3 Numbers.csproj", "{484A1AFF-0E2B-4706-84E4-3D4CC86D0084}"
EndProject
Project("{FAE04EC0-301F-11D3-BF4B-00C04F79EFBC}") = "04. Product Shop", "04. Product Shop\04. Product Shop.csproj", "{AF304C28-B175-4EA9-9D9E-97C4BD86F644}"
EndProject
Project("{FAE04EC0-301F-11D3-BF4B-00C04F79EFBC}") = "05. Cities by Continent and Country", "05. Cities by Continent and Country\05. Cities by Continent and Country.csproj", "{05E7E3B2-F9F2-46DA-9592-B467895F2179}"
EndProject
Project("{FAE04EC0-301F-11D3-BF4B-00C04F79EFBC}") = "06. Record Unique Names", "06. Record Unique Names\06. Record Unique Names.csproj", "{A2ABD88C-4487-4520-B956-6EE0B8E79AEA}"
EndProject
Project("{FAE04EC0-301F-11D3-BF4B-00C04F79EFBC}") = "07. Parking Lot", "07. Parking Lot\07. Parking Lot.csproj", "{CC979579-F62B-4771-8DA0-5D643B31274D}"
EndProject
Project("{FAE04EC0-301F-11D3-BF4B-00C04F79EFBC}") = "08. SoftUni Party", "08. SoftUni Party\08. SoftUni Party.csproj", "{FB9A24A1-1B86-47F5-A998-FCB97CFD93E8}"
EndProject
Global
	GlobalSection(SolutionConfigurationPlatforms) = preSolution
		Debug|Any CPU = Debug|Any CPU
		Release|Any CPU = Release|Any CPU
	EndGlobalSection
	GlobalSection(ProjectConfigurationPlatforms) = postSolution
		{ED38F89E-4031-4F1F-9699-F16E9EC79538}.Debug|Any CPU.ActiveCfg = Debug|Any CPU
		{ED38F89E-4031-4F1F-9699-F16E9EC79538}.Debug|Any CPU.Build.0 = Debug|Any CPU
		{ED38F89E-4031-4F1F-9699-F16E9EC79538}.Release|Any CPU.ActiveCfg = Release|Any CPU
		{ED38F89E-4031-4F1F-9699-F16E9EC79538}.Release|Any CPU.Build.0 = Release|Any CPU
		{A10ABDCD-09AE-47A6-B530-CDC4806CAA55}.Debug|Any CPU.ActiveCfg = Debug|Any CPU
		{A10ABDCD-09AE-47A6-B530-CDC4806CAA55}.Debug|Any CPU.Build.0 = Debug|Any CPU
		{A10ABDCD-09AE-47A6-B530-CDC4806CAA55}.Release|Any CPU.ActiveCfg = Release|Any CPU
		{A10ABDCD-09AE-47A6-B530-CDC4806CAA55}.Release|Any CPU.Build.0 = Release|Any CPU
		{484A1AFF-0E2B-4706-84E4-3D4CC86D0084}.Debug|Any CPU.ActiveCfg = Debug|Any CPU
		{484A1AFF-0E2B-4706-84E4-3D4CC86D0084}.Debug|Any CPU.Build.0 = Debug|Any CPU
		{484A1AFF-0E2B-4706-84E4-3D4CC86D0084}.Release|Any CPU.ActiveCfg = Release|Any CPU
		{484A1AFF-0E2B-4706-84E4-3D4CC86D0084}.Release|Any CPU.Build.0 = Release|Any CPU
		{AF304C28-B175-4EA9-9D9E-97C4BD86F644}.Debug|Any CPU.ActiveCfg = Debug|Any CPU
		{AF304C28-B175-4EA9-9D9E-97C4BD86F644}.Debug|Any CPU.Build.0 = Debug|Any CPU
		{AF304C28-B175-4EA9-9D9E-97C4BD86F644}.Release|Any CPU.ActiveCfg = Release|Any CPU
		{AF304C28-B175-4EA9-9D9E-97C4BD86F644}.Release|Any CPU.Build.0 = Release|Any CPU
		{05E7E3B2-F9F2-46DA-9592-B467895F2179}.Debug|Any CPU.ActiveCfg = Debug|Any CPU
		{05E7E3B2-F9F2-46DA-9592-B467895F2179}.Debug|Any CPU.Build.0 = Debug|Any CPU
		{05E7E3B2-F9F2-46DA-9592-B467895F2179}.Release|Any CPU.ActiveCfg = Release|Any CPU
		{05E7E3B2-F9F2-46DA-9592-B467895F2179}.Release|Any CPU.Build.0 = Release|Any CPU
		{A2ABD88C-4487-4520-B956-6EE0B8E79AEA}.Debug|Any CPU.ActiveCfg = Debug|Any CPU
		{A2ABD88C-4487-4520-B956-6EE0B8E79AEA}.Debug|Any CPU.Build.0 = Debug|Any CPU
		{A2ABD88C-4487-4520-B956-6EE0B8E79AEA}.Release|Any CPU.ActiveCfg = Release|Any CPU
		{A2ABD88C-4487-4520-B956-6EE0B8E79AEA}.Release|Any CPU.Build.0 = Release|Any CPU
		{CC979579-F62B-4771-8DA0-5D643B31274D}.Debug|Any CPU.ActiveCfg = Debug|Any CPU
		{CC979579-F62B-4771-8DA0-5D643B31274D}.Debug|Any CPU.Build.0 = Debug|Any CPU
		{CC979579-F62B-4771-8DA0-5D643B31274D}.Release|Any CPU.ActiveCfg = Release|Any CPU
		{CC979579-F62B-4771-8DA0-5D643B31274D}.Release|Any CPU.Build.0 = Release|Any CPU
		{FB9A24A1-1B86-47F5-A998-FCB97CFD93E8}.Debug|Any CPU.ActiveCfg = Debug|Any CPU
		{FB9A24A1-1B86-47F5-A998-FCB97CFD93E8}.Debug|Any CPU.Build.0 = Debug|Any CPU
		{FB9A24A1-1B86-47F5-A998-FCB97CFD93E8}.Release|Any CPU.ActiveCfg = Release|Any CPU
		{FB9A24A1-1B86-47F5-A998-FCB97CFD93E8}.Release|Any CPU.Build.0 = Release|Any CPU
	EndGlobalSection
	GlobalSection(SolutionProperties) = preSolution
		HideSolutionNode = FALSE
	EndGlobalSection
	GlobalSection(ExtensibilityGlobals) = postSolution
		SolutionGuid = {901097A5-B0EA-4908-8673-5B1867262170}
	EndGlobalSection
EndGlobal
