
Microsoft Visual Studio Solution File, Format Version 12.00
# Visual Studio Version 16
VisualStudioVersion = 16.0.30907.101
MinimumVisualStudioVersion = 10.0.40219.1
Project("{FAE04EC0-301F-11D3-BF4B-00C04F79EFBC}") = "09. Kamino Factory", "09. Kamino Factory\09. Kamino Factory.csproj", "{FB0D7F0C-D52E-4A1D-9136-9AFD8FC4601F}"
EndProject
Global
	GlobalSection(SolutionConfigurationPlatforms) = preSolution
		Debug|Any CPU = Debug|Any CPU
		Release|Any CPU = Release|Any CPU
	EndGlobalSection
	GlobalSection(ProjectConfigurationPlatforms) = postSolution
		{FB0D7F0C-D52E-4A1D-9136-9AFD8FC4601F}.Debug|Any CPU.ActiveCfg = Debug|Any CPU
		{FB0D7F0C-D52E-4A1D-9136-9AFD8FC4601F}.Debug|Any CPU.Build.0 = Debug|Any CPU
		{FB0D7F0C-D52E-4A1D-9136-9AFD8FC4601F}.Release|Any CPU.ActiveCfg = Release|Any CPU
		{FB0D7F0C-D52E-4A1D-9136-9AFD8FC4601F}.Release|Any CPU.Build.0 = Release|Any CPU
	EndGlobalSection
	GlobalSection(SolutionProperties) = preSolution
		HideSolutionNode = FALSE
	EndGlobalSection
	GlobalSection(ExtensibilityGlobals) = postSolution
		SolutionGuid = {D6A4D463-09A8-4CA4-978C-111E2E823A0A}
	EndGlobalSection
EndGlobal
