
Microsoft Visual Studio Solution File, Format Version 12.00
# Visual Studio Version 16
VisualStudioVersion = 16.0.30907.101
MinimumVisualStudioVersion = 10.0.40219.1
Project("{FAE04EC0-301F-11D3-BF4B-00C04F79EFBC}") = "GenericScale", "GenericScale\GenericScale.csproj", "{70B752AE-F995-4474-B81D-DED1024E38CE}"
EndProject
Global
	GlobalSection(SolutionConfigurationPlatforms) = preSolution
		Debug|Any CPU = Debug|Any CPU
		Release|Any CPU = Release|Any CPU
	EndGlobalSection
	GlobalSection(ProjectConfigurationPlatforms) = postSolution
		{70B752AE-F995-4474-B81D-DED1024E38CE}.Debug|Any CPU.ActiveCfg = Debug|Any CPU
		{70B752AE-F995-4474-B81D-DED1024E38CE}.Debug|Any CPU.Build.0 = Debug|Any CPU
		{70B752AE-F995-4474-B81D-DED1024E38CE}.Release|Any CPU.ActiveCfg = Release|Any CPU
		{70B752AE-F995-4474-B81D-DED1024E38CE}.Release|Any CPU.Build.0 = Release|Any CPU
	EndGlobalSection
	GlobalSection(SolutionProperties) = preSolution
		HideSolutionNode = FALSE
	EndGlobalSection
	GlobalSection(ExtensibilityGlobals) = postSolution
		SolutionGuid = {411F7226-A1F8-4036-A62F-29AEA87C1EDB}
	EndGlobalSection
EndGlobal
