
Microsoft Visual Studio Solution File, Format Version 12.00
# Visual Studio Version 16
VisualStudioVersion = 16.0.30907.101
MinimumVisualStudioVersion = 10.0.40219.1
Project("{FAE04EC0-301F-11D3-BF4B-00C04F79EFBC}") = "ConsoleApp37", "ConsoleApp37\ConsoleApp37.csproj", "{7BAF63B2-8CDE-492C-8708-4C9CEB445B39}"
EndProject
Global
	GlobalSection(SolutionConfigurationPlatforms) = preSolution
		Debug|Any CPU = Debug|Any CPU
		Release|Any CPU = Release|Any CPU
	EndGlobalSection
	GlobalSection(ProjectConfigurationPlatforms) = postSolution
		{7BAF63B2-8CDE-492C-8708-4C9CEB445B39}.Debug|Any CPU.ActiveCfg = Debug|Any CPU
		{7BAF63B2-8CDE-492C-8708-4C9CEB445B39}.Debug|Any CPU.Build.0 = Debug|Any CPU
		{7BAF63B2-8CDE-492C-8708-4C9CEB445B39}.Release|Any CPU.ActiveCfg = Release|Any CPU
		{7BAF63B2-8CDE-492C-8708-4C9CEB445B39}.Release|Any CPU.Build.0 = Release|Any CPU
	EndGlobalSection
	GlobalSection(SolutionProperties) = preSolution
		HideSolutionNode = FALSE
	EndGlobalSection
	GlobalSection(ExtensibilityGlobals) = postSolution
		SolutionGuid = {FADAA6C8-25F3-4CDE-8F62-64B7F416AC60}
	EndGlobalSection
EndGlobal
